// !$*UTF8*$!
{
	archiveVersion = 1;
	classes = {
	};
	objectVersion = 50;
	objects = {

/* Begin PBXBuildFile section */
		7D1FB084234F056200CF5D4F /* iODecoder.framework in Frameworks */ = {isa = PBXBuildFile; fileRef = 7D1FB07A234F056100CF5D4F /* iODecoder.framework */; };
		7D1FB089234F056200CF5D4F /* iODecoderTests.swift in Sources */ = {isa = PBXBuildFile; fileRef = 7D1FB088234F056200CF5D4F /* iODecoderTests.swift */; };
		7D1FB08B234F056200CF5D4F /* iODecoder.h in Headers */ = {isa = PBXBuildFile; fileRef = 7D1FB07D234F056100CF5D4F /* iODecoder.h */; settings = {ATTRIBUTES = (Public, ); }; };
		7D1FB096234F05DC00CF5D4F /* ClSApi.swift in Sources */ = {isa = PBXBuildFile; fileRef = 7D1FB095234F05DC00CF5D4F /* ClSApi.swift */; };
/* End PBXBuildFile section */

/* Begin PBXContainerItemProxy section */
		7D1FB085234F056200CF5D4F /* PBXContainerItemProxy */ = {
			isa = PBXContainerItemProxy;
			containerPortal = 7D1FB071234F056100CF5D4F /* Project object */;
			proxyType = 1;
			remoteGlobalIDString = 7D1FB079234F056100CF5D4F;
			remoteInfo = iODecoder;
		};
/* End PBXContainerItemProxy section */

/* Begin PBXFileReference section */
		7D1FB07A234F056100CF5D4F /* iODecoder.framework */ = {isa = PBXFileReference; explicitFileType = wrapper.framework; includeInIndex = 0; path = iODecoder.framework; sourceTree = BUILT_PRODUCTS_DIR; };
		7D1FB07D234F056100CF5D4F /* iODecoder.h */ = {isa = PBXFileReference; lastKnownFileType = sourcecode.c.h; path = iODecoder.h; sourceTree = "<group>"; };
		7D1FB07E234F056100CF5D4F /* Info.plist */ = {isa = PBXFileReference; lastKnownFileType = text.plist.xml; path = Info.plist; sourceTree = "<group>"; };
		7D1FB083234F056200CF5D4F /* iODecoderTests.xctest */ = {isa = PBXFileReference; explicitFileType = wrapper.cfbundle; includeInIndex = 0; path = iODecoderTests.xctest; sourceTree = BUILT_PRODUCTS_DIR; };
		7D1FB088234F056200CF5D4F /* iODecoderTests.swift */ = {isa = PBXFileReference; lastKnownFileType = sourcecode.swift; path = iODecoderTests.swift; sourceTree = "<group>"; };
		7D1FB08A234F056200CF5D4F /* Info.plist */ = {isa = PBXFileReference; lastKnownFileType = text.plist.xml; path = Info.plist; sourceTree = "<group>"; };
		7D1FB095234F05DC00CF5D4F /* ClSApi.swift */ = {isa = PBXFileReference; lastKnownFileType = sourcecode.swift; path = ClSApi.swift; sourceTree = "<group>"; };
/* End PBXFileReference section */

/* Begin PBXFrameworksBuildPhase section */
		7D1FB077234F056100CF5D4F /* Frameworks */ = {
			isa = PBXFrameworksBuildPhase;
			buildActionMask = 2147483647;
			files = (
			);
			runOnlyForDeploymentPostprocessing = 0;
		};
		7D1FB080234F056200CF5D4F /* Frameworks */ = {
			isa = PBXFrameworksBuildPhase;
			buildActionMask = 2147483647;
			files = (
				7D1FB084234F056200CF5D4F /* iODecoder.framework in Frameworks */,
			);
			runOnlyForDeploymentPostprocessing = 0;
		};
/* End PBXFrameworksBuildPhase section */

/* Begin PBXGroup section */
		7D1FB070234F056100CF5D4F = {
			isa = PBXGroup;
			children = (
				7D1FB07C234F056100CF5D4F /* iODecoder */,
				7D1FB087234F056200CF5D4F /* iODecoderTests */,
				7D1FB07B234F056100CF5D4F /* Products */,
			);
			sourceTree = "<group>";
		};
		7D1FB07B234F056100CF5D4F /* Products */ = {
			isa = PBXGroup;
			children = (
				7D1FB07A234F056100CF5D4F /* iODecoder.framework */,
				7D1FB083234F056200CF5D4F /* iODecoderTests.xctest */,
			);
			name = Products;
			sourceTree = "<group>";
		};
		7D1FB07C234F056100CF5D4F /* iODecoder */ = {
			isa = PBXGroup;
			children = (
				7D1FB094234F05CD00CF5D4F /* ClS */,
				7D1FB07D234F056100CF5D4F /* iODecoder.h */,
				7D1FB07E234F056100CF5D4F /* Info.plist */,
			);
			path = iODecoder;
			sourceTree = "<group>";
		};
		7D1FB087234F056200CF5D4F /* iODecoderTests */ = {
			isa = PBXGroup;
			children = (
				7D1FB088234F056200CF5D4F /* iODecoderTests.swift */,
				7D1FB08A234F056200CF5D4F /* Info.plist */,
			);
			path = iODecoderTests;
			sourceTree = "<group>";
		};
		7D1FB094234F05CD00CF5D4F /* ClS */ = {
			isa = PBXGroup;
			children = (
				7D1FB095234F05DC00CF5D4F /* ClSApi.swift */,
			);
			path = ClS;
			sourceTree = "<group>";
		};
/* End PBXGroup section */

/* Begin PBXHeadersBuildPhase section */
		7D1FB075234F056100CF5D4F /* Headers */ = {
			isa = PBXHeadersBuildPhase;
			buildActionMask = 2147483647;
			files = (
				7D1FB08B234F056200CF5D4F /* iODecoder.h in Headers */,
			);
			runOnlyForDeploymentPostprocessing = 0;
		};
/* End PBXHeadersBuildPhase section */

/* Begin PBXNativeTarget section */
		7D1FB079234F056100CF5D4F /* iODecoder */ = {
			isa = PBXNativeTarget;
			buildConfigurationList = 7D1FB08E234F056200CF5D4F /* Build configuration list for PBXNativeTarget "iODecoder" */;
			buildPhases = (
				7D1FB075234F056100CF5D4F /* Headers */,
				7D1FB076234F056100CF5D4F /* Sources */,
				7D1FB077234F056100CF5D4F /* Frameworks */,
				7D1FB078234F056100CF5D4F /* Resources */,
			);
			buildRules = (
			);
			dependencies = (
			);
			name = iODecoder;
			productName = iODecoder;
			productReference = 7D1FB07A234F056100CF5D4F /* iODecoder.framework */;
			productType = "com.apple.product-type.framework";
		};
		7D1FB082234F056200CF5D4F /* iODecoderTests */ = {
			isa = PBXNativeTarget;
			buildConfigurationList = 7D1FB091234F056200CF5D4F /* Build configuration list for PBXNativeTarget "iODecoderTests" */;
			buildPhases = (
				7D1FB07F234F056200CF5D4F /* Sources */,
				7D1FB080234F056200CF5D4F /* Frameworks */,
				7D1FB081234F056200CF5D4F /* Resources */,
			);
			buildRules = (
			);
			dependencies = (
				7D1FB086234F056200CF5D4F /* PBXTargetDependency */,
			);
			name = iODecoderTests;
			productName = iODecoderTests;
			productReference = 7D1FB083234F056200CF5D4F /* iODecoderTests.xctest */;
			productType = "com.apple.product-type.bundle.unit-test";
		};
/* End PBXNativeTarget section */

/* Begin PBXProject section */
		7D1FB071234F056100CF5D4F /* Project object */ = {
			isa = PBXProject;
			attributes = {
				LastSwiftUpdateCheck = 1100;
				LastUpgradeCheck = 1100;
				ORGANIZATIONNAME = JdeviO;
				TargetAttributes = {
					7D1FB079234F056100CF5D4F = {
						CreatedOnToolsVersion = 11.0;
						LastSwiftMigration = 1100;
					};
					7D1FB082234F056200CF5D4F = {
						CreatedOnToolsVersion = 11.0;
					};
				};
			};
			buildConfigurationList = 7D1FB074234F056100CF5D4F /* Build configuration list for PBXProject "iODecoder" */;
			compatibilityVersion = "Xcode 9.3";
			developmentRegion = en;
			hasScannedForEncodings = 0;
			knownRegions = (
				en,
				Base,
			);
			mainGroup = 7D1FB070234F056100CF5D4F;
			productRefGroup = 7D1FB07B234F056100CF5D4F /* Products */;
			projectDirPath = "";
			projectRoot = "";
			targets = (
				7D1FB079234F056100CF5D4F /* iODecoder */,
				7D1FB082234F056200CF5D4F /* iODecoderTests */,
			);
		};
/* End PBXProject section */

/* Begin PBXResourcesBuildPhase section */
		7D1FB078234F056100CF5D4F /* Resources */ = {
			isa = PBXResourcesBuildPhase;
			buildActionMask = 2147483647;
			files = (
			);
			runOnlyForDeploymentPostprocessing = 0;
		};
		7D1FB081234F056200CF5D4F /* Resources */ = {
			isa = PBXResourcesBuildPhase;
			buildActionMask = 2147483647;
			files = (
			);
			runOnlyForDeploymentPostprocessing = 0;
		};
/* End PBXResourcesBuildPhase section */

/* Begin PBXSourcesBuildPhase section */
		7D1FB076234F056100CF5D4F /* Sources */ = {
			isa = PBXSourcesBuildPhase;
			buildActionMask = 2147483647;
			files = (
				7D1FB096234F05DC00CF5D4F /* ClSApi.swift in Sources */,
			);
			runOnlyForDeploymentPostprocessing = 0;
		};
		7D1FB07F234F056200CF5D4F /* Sources */ = {
			isa = PBXSourcesBuildPhase;
			buildActionMask = 2147483647;
			files = (
				7D1FB089234F056200CF5D4F /* iODecoderTests.swift in Sources */,
			);
			runOnlyForDeploymentPostprocessing = 0;
		};
/* End PBXSourcesBuildPhase section */

/* Begin PBXTargetDependency section */
		7D1FB086234F056200CF5D4F /* PBXTargetDependency */ = {
			isa = PBXTargetDependency;
			target = 7D1FB079234F056100CF5D4F /* iODecoder */;
			targetProxy = 7D1FB085234F056200CF5D4F /* PBXContainerItemProxy */;
		};
/* End PBXTargetDependency section */

/* Begin XCBuildConfiguration section */
		7D1FB08C234F056200CF5D4F /* Debug */ = {
			isa = XCBuildConfiguration;
			buildSettings = {
				ALWAYS_SEARCH_USER_PATHS = NO;
				CLANG_ANALYZER_NONNULL = YES;
				CLANG_ANALYZER_NUMBER_OBJECT_CONVERSION = YES_AGGRESSIVE;
				CLANG_CXX_LANGUAGE_STANDARD = "gnu++14";
				CLANG_CXX_LIBRARY = "libc++";
				CLANG_ENABLE_MODULES = YES;
				CLANG_ENABLE_OBJC_ARC = YES;
				CLANG_ENABLE_OBJC_WEAK = YES;
				CLANG_WARN_BLOCK_CAPTURE_AUTORELEASING = YES;
				CLANG_WARN_BOOL_CONVERSION = YES;
				CLANG_WARN_COMMA = YES;
				CLANG_WARN_CONSTANT_CONVERSION = YES;
				CLANG_WARN_DEPRECATED_OBJC_IMPLEMENTATIONS = YES;
				CLANG_WARN_DIRECT_OBJC_ISA_USAGE = YES_ERROR;
				CLANG_WARN_DOCUMENTATION_COMMENTS = YES;
				CLANG_WARN_EMPTY_BODY = YES;
				CLANG_WARN_ENUM_CONVERSION = YES;
				CLANG_WARN_INFINITE_RECURSION = YES;
				CLANG_WARN_INT_CONVERSION = YES;
				CLANG_WARN_NON_LITERAL_NULL_CONVERSION = YES;
				CLANG_WARN_OBJC_IMPLICIT_RETAIN_SELF = YES;
				CLANG_WARN_OBJC_LITERAL_CONVERSION = YES;
				CLANG_WARN_OBJC_ROOT_CLASS = YES_ERROR;
				CLANG_WARN_RANGE_LOOP_ANALYSIS = YES;
				CLANG_WARN_STRICT_PROTOTYPES = YES;
				CLANG_WARN_SUSPICIOUS_MOVE = YES;
				CLANG_WARN_UNGUARDED_AVAILABILITY = YES_AGGRESSIVE;
				CLANG_WARN_UNREACHABLE_CODE = YES;
				CLANG_WARN__DUPLICATE_METHOD_MATCH = YES;
				COPY_PHASE_STRIP = NO;
				CURRENT_PROJECT_VERSION = 1;
				DEBUG_INFORMATION_FORMAT = dwarf;
				ENABLE_STRICT_OBJC_MSGSEND = YES;
				ENABLE_TESTABILITY = YES;
				GCC_C_LANGUAGE_STANDARD = gnu11;
				GCC_DYNAMIC_NO_PIC = NO;
				GCC_NO_COMMON_BLOCKS = YES;
				GCC_OPTIMIZATION_LEVEL = 0;
				GCC_PREPROCESSOR_DEFINITIONS = (
					"DEBUG=1",
					"$(inherited)",
				);
				GCC_WARN_64_TO_32_BIT_CONVERSION = YES;
				GCC_WARN_ABOUT_RETURN_TYPE = YES_ERROR;
				GCC_WARN_UNDECLARED_SELECTOR = YES;
				GCC_WARN_UNINITIALIZED_AUTOS = YES_AGGRESSIVE;
				GCC_WARN_UNUSED_FUNCTION = YES;
				GCC_WARN_UNUSED_VARIABLE = YES;
				IPHONEOS_DEPLOYMENT_TARGET = 13.0;
				MTL_ENABLE_DEBUG_INFO = INCLUDE_SOURCE;
				MTL_FAST_MATH = YES;
				ONLY_ACTIVE_ARCH = YES;
				SDKROOT = iphoneos;
				SWIFT_ACTIVE_COMPILATION_CONDITIONS = DEBUG;
				SWIFT_OPTIMIZATION_LEVEL = "-Onone";
				VERSIONING_SYSTEM = "apple-generic";
				VERSION_INFO_PREFIX = "";
			};
			name = Debug;
		};
		7D1FB08D234F056200CF5D4F /* Release */ = {
			isa = XCBuildConfiguration;
			buildSettings = {
				ALWAYS_SEARCH_USER_PATHS = NO;
				CLANG_ANALYZER_NONNULL = YES;
				CLANG_ANALYZER_NUMBER_OBJECT_CONVERSION = YES_AGGRESSIVE;
				CLANG_CXX_LANGUAGE_STANDARD = "gnu++14";
				CLANG_CXX_LIBRARY = "libc++";
				CLANG_ENABLE_MODULES = YES;
				CLANG_ENABLE_OBJC_ARC = YES;
				CLANG_ENABLE_OBJC_WEAK = YES;
				CLANG_WARN_BLOCK_CAPTURE_AUTORELEASING = YES;
				CLANG_WARN_BOOL_CONVERSION = YES;
				CLANG_WARN_COMMA = YES;
				CLANG_WARN_CONSTANT_CONVERSION = YES;
				CLANG_WARN_DEPRECATED_OBJC_IMPLEMENTATIONS = YES;
				CLANG_WARN_DIRECT_OBJC_ISA_USAGE = YES_ERROR;
				CLANG_WARN_DOCUMENTATION_COMMENTS = YES;
				CLANG_WARN_EMPTY_BODY = YES;
				CLANG_WARN_ENUM_CONVERSION = YES;
				CLANG_WARN_INFINITE_RECURSION = YES;
				CLANG_WARN_INT_CONVERSION = YES;
				CLANG_WARN_NON_LITERAL_NULL_CONVERSION = YES;
				CLANG_WARN_OBJC_IMPLICIT_RETAIN_SELF = YES;
				CLANG_WARN_OBJC_LITERAL_CONVERSION = YES;
				CLANG_WARN_OBJC_ROOT_CLASS = YES_ERROR;
				CLANG_WARN_RANGE_LOOP_ANALYSIS = YES;
				CLANG_WARN_STRICT_PROTOTYPES = YES;
				CLANG_WARN_SUSPICIOUS_MOVE = YES;
				CLANG_WARN_UNGUARDED_AVAILABILITY = YES_AGGRESSIVE;
				CLANG_WARN_UNREACHABLE_CODE = YES;
				CLANG_WARN__DUPLICATE_METHOD_MATCH = YES;
				COPY_PHASE_STRIP = NO;
				CURRENT_PROJECT_VERSION = 1;
				DEBUG_INFORMATION_FORMAT = "dwarf-with-dsym";
				ENABLE_NS_ASSERTIONS = NO;
				ENABLE_STRICT_OBJC_MSGSEND = YES;
				GCC_C_LANGUAGE_STANDARD = gnu11;
				GCC_NO_COMMON_BLOCKS = YES;
				GCC_WARN_64_TO_32_BIT_CONVERSION = YES;
				GCC_WARN_ABOUT_RETURN_TYPE = YES_ERROR;
				GCC_WARN_UNDECLARED_SELECTOR = YES;
				GCC_WARN_UNINITIALIZED_AUTOS = YES_AGGRESSIVE;
				GCC_WARN_UNUSED_FUNCTION = YES;
				GCC_WARN_UNUSED_VARIABLE = YES;
				IPHONEOS_DEPLOYMENT_TARGET = 13.0;
				MTL_ENABLE_DEBUG_INFO = NO;
				MTL_FAST_MATH = YES;
				SDKROOT = iphoneos;
				SWIFT_COMPILATION_MODE = wholemodule;
				SWIFT_OPTIMIZATION_LEVEL = "-O";
				VALIDATE_PRODUCT = YES;
				VERSIONING_SYSTEM = "apple-generic";
				VERSION_INFO_PREFIX = "";
			};
			name = Release;
		};
		7D1FB08F234F056200CF5D4F /* Debug */ = {
			isa = XCBuildConfiguration;
			buildSettings = {
				CLANG_ENABLE_MODULES = YES;
				CODE_SIGN_STYLE = Automatic;
				DEFINES_MODULE = YES;
				DYLIB_COMPATIBILITY_VERSION = 1;
				DYLIB_CURRENT_VERSION = 1;
				DYLIB_INSTALL_NAME_BASE = "@rpath";
				INFOPLIST_FILE = iODecoder/Info.plist;
				INSTALL_PATH = "$(LOCAL_LIBRARY_DIR)/Frameworks";
				IPHONEOS_DEPLOYMENT_TARGET = 10.0;
				LD_RUNPATH_SEARCH_PATHS = (
					"$(inherited)",
					"@executable_path/Frameworks",
					"@loader_path/Frameworks",
				);
				PRODUCT_BUNDLE_IDENTIFIER = com.JdeviO.iODecoder;
				PRODUCT_NAME = "$(TARGET_NAME:c99extidentifier)";
				SKIP_INSTALL = YES;
				SWIFT_OPTIMIZATION_LEVEL = "-Onone";
				SWIFT_VERSION = 5.0;
				TARGETED_DEVICE_FAMILY = "1,2";
			};
			name = Debug;
		};
		7D1FB090234F056200CF5D4F /* Release */ = {
			isa = XCBuildConfiguration;
			buildSettings = {
				CLANG_ENABLE_MODULES = YES;
				CODE_SIGN_STYLE = Automatic;
				DEFINES_MODULE = YES;
				DYLIB_COMPATIBILITY_VERSION = 1;
				DYLIB_CURRENT_VERSION = 1;
				DYLIB_INSTALL_NAME_BASE = "@rpath";
				INFOPLIST_FILE = iODecoder/Info.plist;
				INSTALL_PATH = "$(LOCAL_LIBRARY_DIR)/Frameworks";
				IPHONEOS_DEPLOYMENT_TARGET = 10.0;
				LD_RUNPATH_SEARCH_PATHS = (
					"$(inherited)",
					"@executable_path/Frameworks",
					"@loader_path/Frameworks",
				);
				PRODUCT_BUNDLE_IDENTIFIER = com.JdeviO.iODecoder;
				PRODUCT_NAME = "$(TARGET_NAME:c99extidentifier)";
				SKIP_INSTALL = YES;
				SWIFT_VERSION = 5.0;
				TARGETED_DEVICE_FAMILY = "1,2";
			};
			name = Release;
		};
		7D1FB092234F056200CF5D4F /* Debug */ = {
			isa = XCBuildConfiguration;
			buildSettings = {
				ALWAYS_EMBED_SWIFT_STANDARD_LIBRARIES = YES;
				"CODE_SIGN_IDENTITY[sdk=macosx*]" = "-";
				CODE_SIGN_STYLE = Automatic;
				INFOPLIST_FILE = iODecoderTests/Info.plist;
				LD_RUNPATH_SEARCH_PATHS = (
					"$(inherited)",
					"@executable_path/Frameworks",
					"@loader_path/Frameworks",
				);
				PRODUCT_BUNDLE_IDENTIFIER = com.JdeviO.iODecoderTests;
				PRODUCT_NAME = "$(TARGET_NAME)";
				SWIFT_VERSION = 5.0;
				TARGETED_DEVICE_FAMILY = "1,2";
			};
			name = Debug;
		};
		7D1FB093234F056200CF5D4F /* Release */ = {
			isa = XCBuildConfiguration;
			buildSettings = {
				ALWAYS_EMBED_SWIFT_STANDARD_LIBRARIES = YES;
				"CODE_SIGN_IDENTITY[sdk=macosx*]" = "-";
				CODE_SIGN_STYLE = Automatic;
				INFOPLIST_FILE = iODecoderTests/Info.plist;
				LD_RUNPATH_SEARCH_PATHS = (
					"$(inherited)",
					"@executable_path/Frameworks",
					"@loader_path/Frameworks",
				);
				PRODUCT_BUNDLE_IDENTIFIER = com.JdeviO.iODecoderTests;
				PRODUCT_NAME = "$(TARGET_NAME)";
				SWIFT_VERSION = 5.0;
				TARGETED_DEVICE_FAMILY = "1,2";
			};
			name = Release;
		};
/* End XCBuildConfiguration section */

/* Begin XCConfigurationList section */
		7D1FB074234F056100CF5D4F /* Build configuration list for PBXProject "iODecoder" */ = {
			isa = XCConfigurationList;
			buildConfigurations = (
				7D1FB08C234F056200CF5D4F /* Debug */,
				7D1FB08D234F056200CF5D4F /* Release */,
			);
			defaultConfigurationIsVisible = 0;
			defaultConfigurationName = Release;
		};
		7D1FB08E234F056200CF5D4F /* Build configuration list for PBXNativeTarget "iODecoder" */ = {
			isa = XCConfigurationList;
			buildConfigurations = (
				7D1FB08F234F056200CF5D4F /* Debug */,
				7D1FB090234F056200CF5D4F /* Release */,
			);
			defaultConfigurationIsVisible = 0;
			defaultConfigurationName = Release;
		};
		7D1FB091234F056200CF5D4F /* Build configuration list for PBXNativeTarget "iODecoderTests" */ = {
			isa = XCConfigurationList;
			buildConfigurations = (
				7D1FB092234F056200CF5D4F /* Debug */,
				7D1FB093234F056200CF5D4F /* Release */,
			);
			defaultConfigurationIsVisible = 0;
			defaultConfigurationName = Release;
		};
/* End XCConfigurationList section */
	};
	rootObject = 7D1FB071234F056100CF5D4F /* Project object */;
}
